
Microsoft Visual Studio Solution File, Format Version 12.00
# Visual Studio Version 16
VisualStudioVersion = 16.0.30523.141
MinimumVisualStudioVersion = 10.0.40219.1
Project("{FAE04EC0-301F-11D3-BF4B-00C04F79EFBC}") = "BethanysPieShopHRM.App", "BethanysPieShopHRM.App\BethanysPieShopHRM.App.csproj", "{04A02E01-8BB7-4F63-BF36-A091DF06CD99}"
EndProject
Project("{FAE04EC0-301F-11D3-BF4B-00C04F79EFBC}") = "BethanysPieShopHRM.Shared", "BethanysPieShopHRM.Shared\BethanysPieShopHRM.Shared.csproj", "{DBDEC073-C2ED-43F2-A713-59A9D7621A9E}"
EndProject
Global
	GlobalSection(SolutionConfigurationPlatforms) = preSolution
		Debug|Any CPU = Debug|Any CPU
		Release|Any CPU = Release|Any CPU
	EndGlobalSection
	GlobalSection(ProjectConfigurationPlatforms) = postSolution
		{04A02E01-8BB7-4F63-BF36-A091DF06CD99}.Debug|Any CPU.ActiveCfg = Debug|Any CPU
		{04A02E01-8BB7-4F63-BF36-A091DF06CD99}.Debug|Any CPU.Build.0 = Debug|Any CPU
		{04A02E01-8BB7-4F63-BF36-A091DF06CD99}.Release|Any CPU.ActiveCfg = Release|Any CPU
		{04A02E01-8BB7-4F63-BF36-A091DF06CD99}.Release|Any CPU.Build.0 = Release|Any CPU
		{DBDEC073-C2ED-43F2-A713-59A9D7621A9E}.Debug|Any CPU.ActiveCfg = Debug|Any CPU
		{DBDEC073-C2ED-43F2-A713-59A9D7621A9E}.Debug|Any CPU.Build.0 = Debug|Any CPU
		{DBDEC073-C2ED-43F2-A713-59A9D7621A9E}.Release|Any CPU.ActiveCfg = Release|Any CPU
		{DBDEC073-C2ED-43F2-A713-59A9D7621A9E}.Release|Any CPU.Build.0 = Release|Any CPU
	EndGlobalSection
	GlobalSection(SolutionProperties) = preSolution
		HideSolutionNode = FALSE
	EndGlobalSection
	GlobalSection(ExtensibilityGlobals) = postSolution
		SolutionGuid = {AD6304B2-748C-45F0-B82D-0D8246C62374}
	EndGlobalSection
EndGlobal
